
Microsoft Visual Studio Solution File, Format Version 12.00
# Visual Studio Version 17
VisualStudioVersion = 17.14.37111.16 d17.14
MinimumVisualStudioVersion = 10.0.40219.1
Project("{FAE04EC0-301F-11D3-BF4B-00C04F79EFBC}") = "Tap2PaySystem", "Tap2PaySystem\Tap2PaySystem.csproj", "{37A6D9DD-813B-4621-8C50-DD2F506C7F3E}"
EndProject
Global
	GlobalSection(SolutionConfigurationPlatforms) = preSolution
		Debug|Any CPU = Debug|Any CPU
		Release|Any CPU = Release|Any CPU
	EndGlobalSection
	GlobalSection(ProjectConfigurationPlatforms) = postSolution
		{37A6D9DD-813B-4621-8C50-DD2F506C7F3E}.Debug|Any CPU.ActiveCfg = Debug|Any CPU
		{37A6D9DD-813B-4621-8C50-DD2F506C7F3E}.Debug|Any CPU.Build.0 = Debug|Any CPU
		{37A6D9DD-813B-4621-8C50-DD2F506C7F3E}.Release|Any CPU.ActiveCfg = Release|Any CPU
		{37A6D9DD-813B-4621-8C50-DD2F506C7F3E}.Release|Any CPU.Build.0 = Release|Any CPU
	EndGlobalSection
	GlobalSection(SolutionProperties) = preSolution
		HideSolutionNode = FALSE
	EndGlobalSection
	GlobalSection(ExtensibilityGlobals) = postSolution
		SolutionGuid = {1751B989-8EB9-4515-9E69-E322405B91A6}
	EndGlobalSection
EndGlobal
